{
  "pins" : [
    {
      "identity" : "alamofire",
      "kind" : "remoteSourceControl",
      "location" : "https://github.com/Alamofire/Alamofire.git",
      "state" : {
        "branch" : "master",
        "revision" : "5f4403154914d76a47f064a1956e2875bf702d14"
      }
    },
    {
      "identity" : "keyboardtoolbar",
      "kind" : "remoteSourceControl",
      "location" : "https://github.com/cameronshemilt/KeyboardToolbar",
      "state" : {
        "revision" : "a00bf2330b33e993b4ebb7fd6b6f0d2780188d83",
        "version" : "1.1.3"
      }
    },
    {
      "identity" : "swiftyjson",
      "kind" : "remoteSourceControl",
      "location" : "https://github.com/SwiftyJSON/SwiftyJSON.git",
      "state" : {
        "branch" : "master",
        "revision" : "b3dcd7dbd0d488e1a7077cb33b00f2083e382f07"
      }
    }
  ],
  "version" : 2
}
